
Microsoft Visual Studio Solution File, Format Version 12.00
# Visual Studio Version 17
VisualStudioVersion = 17.9.34723.18
MinimumVisualStudioVersion = 10.0.40219.1
Project("{FAE04EC0-301F-11D3-BF4B-00C04F79EFBC}") = "EjemploPrueba", "EjemploPrueba.csproj", "{679C49A5-3C8F-477A-9233-2ABC476E8493}"
EndProject
Global
	GlobalSection(SolutionConfigurationPlatforms) = preSolution
		Debug|Any CPU = Debug|Any CPU
		Release|Any CPU = Release|Any CPU
	EndGlobalSection
	GlobalSection(ProjectConfigurationPlatforms) = postSolution
		{679C49A5-3C8F-477A-9233-2ABC476E8493}.Debug|Any CPU.ActiveCfg = Debug|Any CPU
		{679C49A5-3C8F-477A-9233-2ABC476E8493}.Debug|Any CPU.Build.0 = Debug|Any CPU
		{679C49A5-3C8F-477A-9233-2ABC476E8493}.Release|Any CPU.ActiveCfg = Release|Any CPU
		{679C49A5-3C8F-477A-9233-2ABC476E8493}.Release|Any CPU.Build.0 = Release|Any CPU
	EndGlobalSection
	GlobalSection(SolutionProperties) = preSolution
		HideSolutionNode = FALSE
	EndGlobalSection
	GlobalSection(ExtensibilityGlobals) = postSolution
		SolutionGuid = {B8789BDA-4792-48E6-A825-EE2F956B262C}
	EndGlobalSection
EndGlobal
